
Microsoft Visual Studio Solution File, Format Version 12.00
# Visual Studio Version 17
VisualStudioVersion = 17.14.36930.0 d17.14
MinimumVisualStudioVersion = 10.0.40219.1
Project("{FAE04EC0-301F-11D3-BF4B-00C04F79EFBC}") = "FileCatalog", "FileCatalog.csproj", "{FA4790FC-0661-47AD-9912-0A65EB592EE4}"
EndProject
Global
	GlobalSection(SolutionConfigurationPlatforms) = preSolution
		Debug|Any CPU = Debug|Any CPU
		Release|Any CPU = Release|Any CPU
	EndGlobalSection
	GlobalSection(ProjectConfigurationPlatforms) = postSolution
		{FA4790FC-0661-47AD-9912-0A65EB592EE4}.Debug|Any CPU.ActiveCfg = Debug|Any CPU
		{FA4790FC-0661-47AD-9912-0A65EB592EE4}.Debug|Any CPU.Build.0 = Debug|Any CPU
		{FA4790FC-0661-47AD-9912-0A65EB592EE4}.Release|Any CPU.ActiveCfg = Release|Any CPU
		{FA4790FC-0661-47AD-9912-0A65EB592EE4}.Release|Any CPU.Build.0 = Release|Any CPU
	EndGlobalSection
	GlobalSection(SolutionProperties) = preSolution
		HideSolutionNode = FALSE
	EndGlobalSection
	GlobalSection(ExtensibilityGlobals) = postSolution
		SolutionGuid = {708B6BE7-6688-4B90-85AF-68E13D1799BE}
	EndGlobalSection
EndGlobal
